
Microsoft Visual Studio Solution File, Format Version 12.00
# Visual Studio 15
VisualStudioVersion = 15.0.27130.2010
MinimumVisualStudioVersion = 10.0.40219.1
Project("{FAE04EC0-301F-11D3-BF4B-00C04F79EFBC}") = "RPG-Manager", "RPG-Manager\RPG-Manager.csproj", "{736BEDB8-049C-4244-A041-3D5478880DBA}"
EndProject
Global
	GlobalSection(SolutionConfigurationPlatforms) = preSolution
		Debug|Any CPU = Debug|Any CPU
		Release|Any CPU = Release|Any CPU
	EndGlobalSection
	GlobalSection(ProjectConfigurationPlatforms) = postSolution
		{736BEDB8-049C-4244-A041-3D5478880DBA}.Debug|Any CPU.ActiveCfg = Debug|Any CPU
		{736BEDB8-049C-4244-A041-3D5478880DBA}.Debug|Any CPU.Build.0 = Debug|Any CPU
		{736BEDB8-049C-4244-A041-3D5478880DBA}.Release|Any CPU.ActiveCfg = Release|Any CPU
		{736BEDB8-049C-4244-A041-3D5478880DBA}.Release|Any CPU.Build.0 = Release|Any CPU
	EndGlobalSection
	GlobalSection(SolutionProperties) = preSolution
		HideSolutionNode = FALSE
	EndGlobalSection
	GlobalSection(ExtensibilityGlobals) = postSolution
		SolutionGuid = {525A5F7B-CCE6-48EA-99E4-45135751E832}
	EndGlobalSection
EndGlobal
